// !$*UTF8*$!
{
	archiveVersion = 1;
	classes = {
	};
	objectVersion = 50;
	objects = {

/* Begin PBXBuildFile section */
		D4B352DD246FF810008B68B5 /* AppDelegate.swift in Sources */ = {isa = PBXBuildFile; fileRef = D4B352DC246FF810008B68B5 /* AppDelegate.swift */; };
		D4B352DF246FF810008B68B5 /* SceneDelegate.swift in Sources */ = {isa = PBXBuildFile; fileRef = D4B352DE246FF810008B68B5 /* SceneDelegate.swift */; };
		D4B352E1246FF810008B68B5 /* ContentView.swift in Sources */ = {isa = PBXBuildFile; fileRef = D4B352E0246FF810008B68B5 /* ContentView.swift */; };
		D4B352E3246FF813008B68B5 /* Assets.xcassets in Resources */ = {isa = PBXBuildFile; fileRef = D4B352E2246FF813008B68B5 /* Assets.xcassets */; };
		D4B352E6246FF813008B68B5 /* Preview Assets.xcassets in Resources */ = {isa = PBXBuildFile; fileRef = D4B352E5246FF813008B68B5 /* Preview Assets.xcassets */; };
		D4B352E9246FF813008B68B5 /* LaunchScreen.storyboard in Resources */ = {isa = PBXBuildFile; fileRef = D4B352E7246FF813008B68B5 /* LaunchScreen.storyboard */; };
		D4B352F4246FF813008B68B5 /* coding_newsTests.swift in Sources */ = {isa = PBXBuildFile; fileRef = D4B352F3246FF813008B68B5 /* coding_newsTests.swift */; };
		D4B352FF246FF813008B68B5 /* coding_newsUITests.swift in Sources */ = {isa = PBXBuildFile; fileRef = D4B352FE246FF813008B68B5 /* coding_newsUITests.swift */; };
/* End PBXBuildFile section */

/* Begin PBXContainerItemProxy section */
		D4B352F0246FF813008B68B5 /* PBXContainerItemProxy */ = {
			isa = PBXContainerItemProxy;
			containerPortal = D4B352D1246FF810008B68B5 /* Project object */;
			proxyType = 1;
			remoteGlobalIDString = D4B352D8246FF810008B68B5;
			remoteInfo = "coding-news";
		};
		D4B352FB246FF813008B68B5 /* PBXContainerItemProxy */ = {
			isa = PBXContainerItemProxy;
			containerPortal = D4B352D1246FF810008B68B5 /* Project object */;
			proxyType = 1;
			remoteGlobalIDString = D4B352D8246FF810008B68B5;
			remoteInfo = "coding-news";
		};
/* End PBXContainerItemProxy section */

/* Begin PBXFileReference section */
		D4B352D9246FF810008B68B5 /* coding-news.app */ = {isa = PBXFileReference; explicitFileType = wrapper.application; includeInIndex = 0; path = "coding-news.app"; sourceTree = BUILT_PRODUCTS_DIR; };
		D4B352DC246FF810008B68B5 /* AppDelegate.swift */ = {isa = PBXFileReference; lastKnownFileType = sourcecode.swift; path = AppDelegate.swift; sourceTree = "<group>"; };
		D4B352DE246FF810008B68B5 /* SceneDelegate.swift */ = {isa = PBXFileReference; lastKnownFileType = sourcecode.swift; path = SceneDelegate.swift; sourceTree = "<group>"; };
		D4B352E0246FF810008B68B5 /* ContentView.swift */ = {isa = PBXFileReference; lastKnownFileType = sourcecode.swift; path = ContentView.swift; sourceTree = "<group>"; };
		D4B352E2246FF813008B68B5 /* Assets.xcassets */ = {isa = PBXFileReference; lastKnownFileType = folder.assetcatalog; path = Assets.xcassets; sourceTree = "<group>"; };
		D4B352E5246FF813008B68B5 /* Preview Assets.xcassets */ = {isa = PBXFileReference; lastKnownFileType = folder.assetcatalog; path = "Preview Assets.xcassets"; sourceTree = "<group>"; };
		D4B352E8246FF813008B68B5 /* Base */ = {isa = PBXFileReference; lastKnownFileType = file.storyboard; name = Base; path = Base.lproj/LaunchScreen.storyboard; sourceTree = "<group>"; };
		D4B352EA246FF813008B68B5 /* Info.plist */ = {isa = PBXFileReference; lastKnownFileType = text.plist.xml; path = Info.plist; sourceTree = "<group>"; };
		D4B352EF246FF813008B68B5 /* coding-newsTests.xctest */ = {isa = PBXFileReference; explicitFileType = wrapper.cfbundle; includeInIndex = 0; path = "coding-newsTests.xctest"; sourceTree = BUILT_PRODUCTS_DIR; };
		D4B352F3246FF813008B68B5 /* coding_newsTests.swift */ = {isa = PBXFileReference; lastKnownFileType = sourcecode.swift; path = coding_newsTests.swift; sourceTree = "<group>"; };
		D4B352F5246FF813008B68B5 /* Info.plist */ = {isa = PBXFileReference; lastKnownFileType = text.plist.xml; path = Info.plist; sourceTree = "<group>"; };
		D4B352FA246FF813008B68B5 /* coding-newsUITests.xctest */ = {isa = PBXFileReference; explicitFileType = wrapper.cfbundle; includeInIndex = 0; path = "coding-newsUITests.xctest"; sourceTree = BUILT_PRODUCTS_DIR; };
		D4B352FE246FF813008B68B5 /* coding_newsUITests.swift */ = {isa = PBXFileReference; lastKnownFileType = sourcecode.swift; path = coding_newsUITests.swift; sourceTree = "<group>"; };
		D4B35300246FF813008B68B5 /* Info.plist */ = {isa = PBXFileReference; lastKnownFileType = text.plist.xml; path = Info.plist; sourceTree = "<group>"; };
/* End PBXFileReference section */

/* Begin PBXFrameworksBuildPhase section */
		D4B352D6246FF810008B68B5 /* Frameworks */ = {
			isa = PBXFrameworksBuildPhase;
			buildActionMask = 2147483647;
			files = (
			);
			runOnlyForDeploymentPostprocessing = 0;
		};
		D4B352EC246FF813008B68B5 /* Frameworks */ = {
			isa = PBXFrameworksBuildPhase;
			buildActionMask = 2147483647;
			files = (
			);
			runOnlyForDeploymentPostprocessing = 0;
		};
		D4B352F7246FF813008B68B5 /* Frameworks */ = {
			isa = PBXFrameworksBuildPhase;
			buildActionMask = 2147483647;
			files = (
			);
			runOnlyForDeploymentPostprocessing = 0;
		};
/* End PBXFrameworksBuildPhase section */

/* Begin PBXGroup section */
		D4B352D0246FF810008B68B5 = {
			isa = PBXGroup;
			children = (
				D4B352DB246FF810008B68B5 /* coding-news */,
				D4B352F2246FF813008B68B5 /* coding-newsTests */,
				D4B352FD246FF813008B68B5 /* coding-newsUITests */,
				D4B352DA246FF810008B68B5 /* Products */,
			);
			sourceTree = "<group>";
		};
		D4B352DA246FF810008B68B5 /* Products */ = {
			isa = PBXGroup;
			children = (
				D4B352D9246FF810008B68B5 /* coding-news.app */,
				D4B352EF246FF813008B68B5 /* coding-newsTests.xctest */,
				D4B352FA246FF813008B68B5 /* coding-newsUITests.xctest */,
			);
			name = Products;
			sourceTree = "<group>";
		};
		D4B352DB246FF810008B68B5 /* coding-news */ = {
			isa = PBXGroup;
			children = (
				D4B352DC246FF810008B68B5 /* AppDelegate.swift */,
				D4B352DE246FF810008B68B5 /* SceneDelegate.swift */,
				D4B352E0246FF810008B68B5 /* ContentView.swift */,
				D4B352E2246FF813008B68B5 /* Assets.xcassets */,
				D4B352E7246FF813008B68B5 /* LaunchScreen.storyboard */,
				D4B352EA246FF813008B68B5 /* Info.plist */,
				D4B352E4246FF813008B68B5 /* Preview Content */,
			);
			path = "coding-news";
			sourceTree = "<group>";
		};
		D4B352E4246FF813008B68B5 /* Preview Content */ = {
			isa = PBXGroup;
			children = (
				D4B352E5246FF813008B68B5 /* Preview Assets.xcassets */,
			);
			path = "Preview Content";
			sourceTree = "<group>";
		};
		D4B352F2246FF813008B68B5 /* coding-newsTests */ = {
			isa = PBXGroup;
			children = (
				D4B352F3246FF813008B68B5 /* coding_newsTests.swift */,
				D4B352F5246FF813008B68B5 /* Info.plist */,
			);
			path = "coding-newsTests";
			sourceTree = "<group>";
		};
		D4B352FD246FF813008B68B5 /* coding-newsUITests */ = {
			isa = PBXGroup;
			children = (
				D4B352FE246FF813008B68B5 /* coding_newsUITests.swift */,
				D4B35300246FF813008B68B5 /* Info.plist */,
			);
			path = "coding-newsUITests";
			sourceTree = "<group>";
		};
/* End PBXGroup section */

/* Begin PBXNativeTarget section */
		D4B352D8246FF810008B68B5 /* coding-news */ = {
			isa = PBXNativeTarget;
			buildConfigurationList = D4B35303246FF813008B68B5 /* Build configuration list for PBXNativeTarget "coding-news" */;
			buildPhases = (
				D4B352D5246FF810008B68B5 /* Sources */,
				D4B352D6246FF810008B68B5 /* Frameworks */,
				D4B352D7246FF810008B68B5 /* Resources */,
			);
			buildRules = (
			);
			dependencies = (
			);
			name = "coding-news";
			productName = "coding-news";
			productReference = D4B352D9246FF810008B68B5 /* coding-news.app */;
			productType = "com.apple.product-type.application";
		};
		D4B352EE246FF813008B68B5 /* coding-newsTests */ = {
			isa = PBXNativeTarget;
			buildConfigurationList = D4B35306246FF813008B68B5 /* Build configuration list for PBXNativeTarget "coding-newsTests" */;
			buildPhases = (
				D4B352EB246FF813008B68B5 /* Sources */,
				D4B352EC246FF813008B68B5 /* Frameworks */,
				D4B352ED246FF813008B68B5 /* Resources */,
			);
			buildRules = (
			);
			dependencies = (
				D4B352F1246FF813008B68B5 /* PBXTargetDependency */,
			);
			name = "coding-newsTests";
			productName = "coding-newsTests";
			productReference = D4B352EF246FF813008B68B5 /* coding-newsTests.xctest */;
			productType = "com.apple.product-type.bundle.unit-test";
		};
		D4B352F9246FF813008B68B5 /* coding-newsUITests */ = {
			isa = PBXNativeTarget;
			buildConfigurationList = D4B35309246FF813008B68B5 /* Build configuration list for PBXNativeTarget "coding-newsUITests" */;
			buildPhases = (
				D4B352F6246FF813008B68B5 /* Sources */,
				D4B352F7246FF813008B68B5 /* Frameworks */,
				D4B352F8246FF813008B68B5 /* Resources */,
			);
			buildRules = (
			);
			dependencies = (
				D4B352FC246FF813008B68B5 /* PBXTargetDependency */,
			);
			name = "coding-newsUITests";
			productName = "coding-newsUITests";
			productReference = D4B352FA246FF813008B68B5 /* coding-newsUITests.xctest */;
			productType = "com.apple.product-type.bundle.ui-testing";
		};
/* End PBXNativeTarget section */

/* Begin PBXProject section */
		D4B352D1246FF810008B68B5 /* Project object */ = {
			isa = PBXProject;
			attributes = {
				LastSwiftUpdateCheck = 1140;
				LastUpgradeCheck = 1140;
				ORGANIZATIONNAME = "Erwan Leboucher";
				TargetAttributes = {
					D4B352D8246FF810008B68B5 = {
						CreatedOnToolsVersion = 11.4.1;
					};
					D4B352EE246FF813008B68B5 = {
						CreatedOnToolsVersion = 11.4.1;
						TestTargetID = D4B352D8246FF810008B68B5;
					};
					D4B352F9246FF813008B68B5 = {
						CreatedOnToolsVersion = 11.4.1;
						TestTargetID = D4B352D8246FF810008B68B5;
					};
				};
			};
			buildConfigurationList = D4B352D4246FF810008B68B5 /* Build configuration list for PBXProject "coding-news" */;
			compatibilityVersion = "Xcode 9.3";
			developmentRegion = en;
			hasScannedForEncodings = 0;
			knownRegions = (
				en,
				Base,
			);
			mainGroup = D4B352D0246FF810008B68B5;
			productRefGroup = D4B352DA246FF810008B68B5 /* Products */;
			projectDirPath = "";
			projectRoot = "";
			targets = (
				D4B352D8246FF810008B68B5 /* coding-news */,
				D4B352EE246FF813008B68B5 /* coding-newsTests */,
				D4B352F9246FF813008B68B5 /* coding-newsUITests */,
			);
		};
/* End PBXProject section */

/* Begin PBXResourcesBuildPhase section */
		D4B352D7246FF810008B68B5 /* Resources */ = {
			isa = PBXResourcesBuildPhase;
			buildActionMask = 2147483647;
			files = (
				D4B352E9246FF813008B68B5 /* LaunchScreen.storyboard in Resources */,
				D4B352E6246FF813008B68B5 /* Preview Assets.xcassets in Resources */,
				D4B352E3246FF813008B68B5 /* Assets.xcassets in Resources */,
			);
			runOnlyForDeploymentPostprocessing = 0;
		};
		D4B352ED246FF813008B68B5 /* Resources */ = {
			isa = PBXResourcesBuildPhase;
			buildActionMask = 2147483647;
			files = (
			);
			runOnlyForDeploymentPostprocessing = 0;
		};
		D4B352F8246FF813008B68B5 /* Resources */ = {
			isa = PBXResourcesBuildPhase;
			buildActionMask = 2147483647;
			files = (
			);
			runOnlyForDeploymentPostprocessing = 0;
		};
/* End PBXResourcesBuildPhase section */

/* Begin PBXSourcesBuildPhase section */
		D4B352D5246FF810008B68B5 /* Sources */ = {
			isa = PBXSourcesBuildPhase;
			buildActionMask = 2147483647;
			files = (
				D4B352DD246FF810008B68B5 /* AppDelegate.swift in Sources */,
				D4B352DF246FF810008B68B5 /* SceneDelegate.swift in Sources */,
				D4B352E1246FF810008B68B5 /* ContentView.swift in Sources */,
			);
			runOnlyForDeploymentPostprocessing = 0;
		};
		D4B352EB246FF813008B68B5 /* Sources */ = {
			isa = PBXSourcesBuildPhase;
			buildActionMask = 2147483647;
			files = (
				D4B352F4246FF813008B68B5 /* coding_newsTests.swift in Sources */,
			);
			runOnlyForDeploymentPostprocessing = 0;
		};
		D4B352F6246FF813008B68B5 /* Sources */ = {
			isa = PBXSourcesBuildPhase;
			buildActionMask = 2147483647;
			files = (
				D4B352FF246FF813008B68B5 /* coding_newsUITests.swift in Sources */,
			);
			runOnlyForDeploymentPostprocessing = 0;
		};
/* End PBXSourcesBuildPhase section */

/* Begin PBXTargetDependency section */
		D4B352F1246FF813008B68B5 /* PBXTargetDependency */ = {
			isa = PBXTargetDependency;
			target = D4B352D8246FF810008B68B5 /* coding-news */;
			targetProxy = D4B352F0246FF813008B68B5 /* PBXContainerItemProxy */;
		};
		D4B352FC246FF813008B68B5 /* PBXTargetDependency */ = {
			isa = PBXTargetDependency;
			target = D4B352D8246FF810008B68B5 /* coding-news */;
			targetProxy = D4B352FB246FF813008B68B5 /* PBXContainerItemProxy */;
		};
/* End PBXTargetDependency section */

/* Begin PBXVariantGroup section */
		D4B352E7246FF813008B68B5 /* LaunchScreen.storyboard */ = {
			isa = PBXVariantGroup;
			children = (
				D4B352E8246FF813008B68B5 /* Base */,
			);
			name = LaunchScreen.storyboard;
			sourceTree = "<group>";
		};
/* End PBXVariantGroup section */

/* Begin XCBuildConfiguration section */
		D4B35301246FF813008B68B5 /* Debug */ = {
			isa = XCBuildConfiguration;
			buildSettings = {
				ALWAYS_SEARCH_USER_PATHS = NO;
				CLANG_ANALYZER_NONNULL = YES;
				CLANG_ANALYZER_NUMBER_OBJECT_CONVERSION = YES_AGGRESSIVE;
				CLANG_CXX_LANGUAGE_STANDARD = "gnu++14";
				CLANG_CXX_LIBRARY = "libc++";
				CLANG_ENABLE_MODULES = YES;
				CLANG_ENABLE_OBJC_ARC = YES;
				CLANG_ENABLE_OBJC_WEAK = YES;
				CLANG_WARN_BLOCK_CAPTURE_AUTORELEASING = YES;
				CLANG_WARN_BOOL_CONVERSION = YES;
				CLANG_WARN_COMMA = YES;
				CLANG_WARN_CONSTANT_CONVERSION = YES;
				CLANG_WARN_DEPRECATED_OBJC_IMPLEMENTATIONS = YES;
				CLANG_WARN_DIRECT_OBJC_ISA_USAGE = YES_ERROR;
				CLANG_WARN_DOCUMENTATION_COMMENTS = YES;
				CLANG_WARN_EMPTY_BODY = YES;
				CLANG_WARN_ENUM_CONVERSION = YES;
				CLANG_WARN_INFINITE_RECURSION = YES;
				CLANG_WARN_INT_CONVERSION = YES;
				CLANG_WARN_NON_LITERAL_NULL_CONVERSION = YES;
				CLANG_WARN_OBJC_IMPLICIT_RETAIN_SELF = YES;
				CLANG_WARN_OBJC_LITERAL_CONVERSION = YES;
				CLANG_WARN_OBJC_ROOT_CLASS = YES_ERROR;
				CLANG_WARN_RANGE_LOOP_ANALYSIS = YES;
				CLANG_WARN_STRICT_PROTOTYPES = YES;
				CLANG_WARN_SUSPICIOUS_MOVE = YES;
				CLANG_WARN_UNGUARDED_AVAILABILITY = YES_AGGRESSIVE;
				CLANG_WARN_UNREACHABLE_CODE = YES;
				CLANG_WARN__DUPLICATE_METHOD_MATCH = YES;
				COPY_PHASE_STRIP = NO;
				DEBUG_INFORMATION_FORMAT = dwarf;
				ENABLE_STRICT_OBJC_MSGSEND = YES;
				ENABLE_TESTABILITY = YES;
				GCC_C_LANGUAGE_STANDARD = gnu11;
				GCC_DYNAMIC_NO_PIC = NO;
				GCC_NO_COMMON_BLOCKS = YES;
				GCC_OPTIMIZATION_LEVEL = 0;
				GCC_PREPROCESSOR_DEFINITIONS = (
					"DEBUG=1",
					"$(inherited)",
				);
				GCC_WARN_64_TO_32_BIT_CONVERSION = YES;
				GCC_WARN_ABOUT_RETURN_TYPE = YES_ERROR;
				GCC_WARN_UNDECLARED_SELECTOR = YES;
				GCC_WARN_UNINITIALIZED_AUTOS = YES_AGGRESSIVE;
				GCC_WARN_UNUSED_FUNCTION = YES;
				GCC_WARN_UNUSED_VARIABLE = YES;
				IPHONEOS_DEPLOYMENT_TARGET = 13.4;
				MTL_ENABLE_DEBUG_INFO = INCLUDE_SOURCE;
				MTL_FAST_MATH = YES;
				ONLY_ACTIVE_ARCH = YES;
				SDKROOT = iphoneos;
				SWIFT_ACTIVE_COMPILATION_CONDITIONS = DEBUG;
				SWIFT_OPTIMIZATION_LEVEL = "-Onone";
			};
			name = Debug;
		};
		D4B35302246FF813008B68B5 /* Release */ = {
			isa = XCBuildConfiguration;
			buildSettings = {
				ALWAYS_SEARCH_USER_PATHS = NO;
				CLANG_ANALYZER_NONNULL = YES;
				CLANG_ANALYZER_NUMBER_OBJECT_CONVERSION = YES_AGGRESSIVE;
				CLANG_CXX_LANGUAGE_STANDARD = "gnu++14";
				CLANG_CXX_LIBRARY = "libc++";
				CLANG_ENABLE_MODULES = YES;
				CLANG_ENABLE_OBJC_ARC = YES;
				CLANG_ENABLE_OBJC_WEAK = YES;
				CLANG_WARN_BLOCK_CAPTURE_AUTORELEASING = YES;
				CLANG_WARN_BOOL_CONVERSION = YES;
				CLANG_WARN_COMMA = YES;
				CLANG_WARN_CONSTANT_CONVERSION = YES;
				CLANG_WARN_DEPRECATED_OBJC_IMPLEMENTATIONS = YES;
				CLANG_WARN_DIRECT_OBJC_ISA_USAGE = YES_ERROR;
				CLANG_WARN_DOCUMENTATION_COMMENTS = YES;
				CLANG_WARN_EMPTY_BODY = YES;
				CLANG_WARN_ENUM_CONVERSION = YES;
				CLANG_WARN_INFINITE_RECURSION = YES;
				CLANG_WARN_INT_CONVERSION = YES;
				CLANG_WARN_NON_LITERAL_NULL_CONVERSION = YES;
				CLANG_WARN_OBJC_IMPLICIT_RETAIN_SELF = YES;
				CLANG_WARN_OBJC_LITERAL_CONVERSION = YES;
				CLANG_WARN_OBJC_ROOT_CLASS = YES_ERROR;
				CLANG_WARN_RANGE_LOOP_ANALYSIS = YES;
				CLANG_WARN_STRICT_PROTOTYPES = YES;
				CLANG_WARN_SUSPICIOUS_MOVE = YES;
				CLANG_WARN_UNGUARDED_AVAILABILITY = YES_AGGRESSIVE;
				CLANG_WARN_UNREACHABLE_CODE = YES;
				CLANG_WARN__DUPLICATE_METHOD_MATCH = YES;
				COPY_PHASE_STRIP = NO;
				DEBUG_INFORMATION_FORMAT = "dwarf-with-dsym";
				ENABLE_NS_ASSERTIONS = NO;
				ENABLE_STRICT_OBJC_MSGSEND = YES;
				GCC_C_LANGUAGE_STANDARD = gnu11;
				GCC_NO_COMMON_BLOCKS = YES;
				GCC_WARN_64_TO_32_BIT_CONVERSION = YES;
				GCC_WARN_ABOUT_RETURN_TYPE = YES_ERROR;
				GCC_WARN_UNDECLARED_SELECTOR = YES;
				GCC_WARN_UNINITIALIZED_AUTOS = YES_AGGRESSIVE;
				GCC_WARN_UNUSED_FUNCTION = YES;
				GCC_WARN_UNUSED_VARIABLE = YES;
				IPHONEOS_DEPLOYMENT_TARGET = 13.4;
				MTL_ENABLE_DEBUG_INFO = NO;
				MTL_FAST_MATH = YES;
				SDKROOT = iphoneos;
				SWIFT_COMPILATION_MODE = wholemodule;
				SWIFT_OPTIMIZATION_LEVEL = "-O";
				VALIDATE_PRODUCT = YES;
			};
			name = Release;
		};
		D4B35304246FF813008B68B5 /* Debug */ = {
			isa = XCBuildConfiguration;
			buildSettings = {
				ASSETCATALOG_COMPILER_APPICON_NAME = AppIcon;
				CODE_SIGN_STYLE = Automatic;
				DEVELOPMENT_ASSET_PATHS = "\"coding-news/Preview Content\"";
				DEVELOPMENT_TEAM = G42KKRW642;
				ENABLE_PREVIEWS = YES;
				INFOPLIST_FILE = "coding-news/Info.plist";
				LD_RUNPATH_SEARCH_PATHS = (
					"$(inherited)",
					"@executable_path/Frameworks",
				);
				PRODUCT_BUNDLE_IDENTIFIER = "erwanleboucher.coding-news";
				PRODUCT_NAME = "$(TARGET_NAME)";
				SWIFT_VERSION = 5.0;
				TARGETED_DEVICE_FAMILY = "1,2";
			};
			name = Debug;
		};
		D4B35305246FF813008B68B5 /* Release */ = {
			isa = XCBuildConfiguration;
			buildSettings = {
				ASSETCATALOG_COMPILER_APPICON_NAME = AppIcon;
				CODE_SIGN_STYLE = Automatic;
				DEVELOPMENT_ASSET_PATHS = "\"coding-news/Preview Content\"";
				DEVELOPMENT_TEAM = G42KKRW642;
				ENABLE_PREVIEWS = YES;
				INFOPLIST_FILE = "coding-news/Info.plist";
				LD_RUNPATH_SEARCH_PATHS = (
					"$(inherited)",
					"@executable_path/Frameworks",
				);
				PRODUCT_BUNDLE_IDENTIFIER = "erwanleboucher.coding-news";
				PRODUCT_NAME = "$(TARGET_NAME)";
				SWIFT_VERSION = 5.0;
				TARGETED_DEVICE_FAMILY = "1,2";
			};
			name = Release;
		};
		D4B35307246FF813008B68B5 /* Debug */ = {
			isa = XCBuildConfiguration;
			buildSettings = {
				ALWAYS_EMBED_SWIFT_STANDARD_LIBRARIES = YES;
				BUNDLE_LOADER = "$(TEST_HOST)";
				CODE_SIGN_STYLE = Automatic;
				DEVELOPMENT_TEAM = G42KKRW642;
				INFOPLIST_FILE = "coding-newsTests/Info.plist";
				IPHONEOS_DEPLOYMENT_TARGET = 13.4;
				LD_RUNPATH_SEARCH_PATHS = (
					"$(inherited)",
					"@executable_path/Frameworks",
					"@loader_path/Frameworks",
				);
				PRODUCT_BUNDLE_IDENTIFIER = "erwanleboucher.coding-newsTests";
				PRODUCT_NAME = "$(TARGET_NAME)";
				SWIFT_VERSION = 5.0;
				TARGETED_DEVICE_FAMILY = "1,2";
				TEST_HOST = "$(BUILT_PRODUCTS_DIR)/coding-news.app/coding-news";
			};
			name = Debug;
		};
		D4B35308246FF813008B68B5 /* Release */ = {
			isa = XCBuildConfiguration;
			buildSettings = {
				ALWAYS_EMBED_SWIFT_STANDARD_LIBRARIES = YES;
				BUNDLE_LOADER = "$(TEST_HOST)";
				CODE_SIGN_STYLE = Automatic;
				DEVELOPMENT_TEAM = G42KKRW642;
				INFOPLIST_FILE = "coding-newsTests/Info.plist";
				IPHONEOS_DEPLOYMENT_TARGET = 13.4;
				LD_RUNPATH_SEARCH_PATHS = (
					"$(inherited)",
					"@executable_path/Frameworks",
					"@loader_path/Frameworks",
				);
				PRODUCT_BUNDLE_IDENTIFIER = "erwanleboucher.coding-newsTests";
				PRODUCT_NAME = "$(TARGET_NAME)";
				SWIFT_VERSION = 5.0;
				TARGETED_DEVICE_FAMILY = "1,2";
				TEST_HOST = "$(BUILT_PRODUCTS_DIR)/coding-news.app/coding-news";
			};
			name = Release;
		};
		D4B3530A246FF813008B68B5 /* Debug */ = {
			isa = XCBuildConfiguration;
			buildSettings = {
				ALWAYS_EMBED_SWIFT_STANDARD_LIBRARIES = YES;
				CODE_SIGN_STYLE = Automatic;
				DEVELOPMENT_TEAM = G42KKRW642;
				INFOPLIST_FILE = "coding-newsUITests/Info.plist";
				LD_RUNPATH_SEARCH_PATHS = (
					"$(inherited)",
					"@executable_path/Frameworks",
					"@loader_path/Frameworks",
				);
				PRODUCT_BUNDLE_IDENTIFIER = "erwanleboucher.coding-newsUITests";
				PRODUCT_NAME = "$(TARGET_NAME)";
				SWIFT_VERSION = 5.0;
				TARGETED_DEVICE_FAMILY = "1,2";
				TEST_TARGET_NAME = "coding-news";
			};
			name = Debug;
		};
		D4B3530B246FF813008B68B5 /* Release */ = {
			isa = XCBuildConfiguration;
			buildSettings = {
				ALWAYS_EMBED_SWIFT_STANDARD_LIBRARIES = YES;
				CODE_SIGN_STYLE = Automatic;
				DEVELOPMENT_TEAM = G42KKRW642;
				INFOPLIST_FILE = "coding-newsUITests/Info.plist";
				LD_RUNPATH_SEARCH_PATHS = (
					"$(inherited)",
					"@executable_path/Frameworks",
					"@loader_path/Frameworks",
				);
				PRODUCT_BUNDLE_IDENTIFIER = "erwanleboucher.coding-newsUITests";
				PRODUCT_NAME = "$(TARGET_NAME)";
				SWIFT_VERSION = 5.0;
				TARGETED_DEVICE_FAMILY = "1,2";
				TEST_TARGET_NAME = "coding-news";
			};
			name = Release;
		};
/* End XCBuildConfiguration section */

/* Begin XCConfigurationList section */
		D4B352D4246FF810008B68B5 /* Build configuration list for PBXProject "coding-news" */ = {
			isa = XCConfigurationList;
			buildConfigurations = (
				D4B35301246FF813008B68B5 /* Debug */,
				D4B35302246FF813008B68B5 /* Release */,
			);
			defaultConfigurationIsVisible = 0;
			defaultConfigurationName = Release;
		};
		D4B35303246FF813008B68B5 /* Build configuration list for PBXNativeTarget "coding-news" */ = {
			isa = XCConfigurationList;
			buildConfigurations = (
				D4B35304246FF813008B68B5 /* Debug */,
				D4B35305246FF813008B68B5 /* Release */,
			);
			defaultConfigurationIsVisible = 0;
			defaultConfigurationName = Release;
		};
		D4B35306246FF813008B68B5 /* Build configuration list for PBXNativeTarget "coding-newsTests" */ = {
			isa = XCConfigurationList;
			buildConfigurations = (
				D4B35307246FF813008B68B5 /* Debug */,
				D4B35308246FF813008B68B5 /* Release */,
			);
			defaultConfigurationIsVisible = 0;
			defaultConfigurationName = Release;
		};
		D4B35309246FF813008B68B5 /* Build configuration list for PBXNativeTarget "coding-newsUITests" */ = {
			isa = XCConfigurationList;
			buildConfigurations = (
				D4B3530A246FF813008B68B5 /* Debug */,
				D4B3530B246FF813008B68B5 /* Release */,
			);
			defaultConfigurationIsVisible = 0;
			defaultConfigurationName = Release;
		};
/* End XCConfigurationList section */
	};
	rootObject = D4B352D1246FF810008B68B5 /* Project object */;
}
